
Microsoft Visual Studio Solution File, Format Version 12.00
# Visual Studio 15
VisualStudioVersion = 15.0.28010.2041
MinimumVisualStudioVersion = 10.0.40219.1
Project("{F2A71F9B-5D33-465A-A702-920D77279786}") = "Test", "Test\Test.fsproj", "{C101040F-51B0-4885-ABCD-D14CBB6C0247}"
EndProject
Project("{F2A71F9B-5D33-465A-A702-920D77279786}") = "TestsForTest", "TestsForTest\TestsForTest.fsproj", "{58DAC650-EEA3-4E15-A287-01F371D6BF8E}"
EndProject
Global
	GlobalSection(SolutionConfigurationPlatforms) = preSolution
		Debug|Any CPU = Debug|Any CPU
		Release|Any CPU = Release|Any CPU
	EndGlobalSection
	GlobalSection(ProjectConfigurationPlatforms) = postSolution
		{C101040F-51B0-4885-ABCD-D14CBB6C0247}.Debug|Any CPU.ActiveCfg = Debug|Any CPU
		{C101040F-51B0-4885-ABCD-D14CBB6C0247}.Debug|Any CPU.Build.0 = Debug|Any CPU
		{C101040F-51B0-4885-ABCD-D14CBB6C0247}.Release|Any CPU.ActiveCfg = Release|Any CPU
		{C101040F-51B0-4885-ABCD-D14CBB6C0247}.Release|Any CPU.Build.0 = Release|Any CPU
		{58DAC650-EEA3-4E15-A287-01F371D6BF8E}.Debug|Any CPU.ActiveCfg = Debug|Any CPU
		{58DAC650-EEA3-4E15-A287-01F371D6BF8E}.Debug|Any CPU.Build.0 = Debug|Any CPU
		{58DAC650-EEA3-4E15-A287-01F371D6BF8E}.Release|Any CPU.ActiveCfg = Release|Any CPU
		{58DAC650-EEA3-4E15-A287-01F371D6BF8E}.Release|Any CPU.Build.0 = Release|Any CPU
	EndGlobalSection
	GlobalSection(SolutionProperties) = preSolution
		HideSolutionNode = FALSE
	EndGlobalSection
	GlobalSection(ExtensibilityGlobals) = postSolution
		SolutionGuid = {C12FDFC2-BA0C-4D78-BC23-AE57B4125EB9}
	EndGlobalSection
EndGlobal
