
Microsoft Visual Studio Solution File, Format Version 12.00
# Visual Studio 15
VisualStudioVersion = 15.0.28010.2041
MinimumVisualStudioVersion = 10.0.40219.1
Project("{6EC3EE1D-3C4E-46DD-8F32-0CC8E7565705}") = "TaskFactorial", "TaskFactorial\TaskFactorial.fsproj", "{CABEB245-7C88-4A11-9DFE-161121B59485}"
EndProject
Global
	GlobalSection(SolutionConfigurationPlatforms) = preSolution
		Debug|Any CPU = Debug|Any CPU
		Release|Any CPU = Release|Any CPU
	EndGlobalSection
	GlobalSection(ProjectConfigurationPlatforms) = postSolution
		{CABEB245-7C88-4A11-9DFE-161121B59485}.Debug|Any CPU.ActiveCfg = Debug|Any CPU
		{CABEB245-7C88-4A11-9DFE-161121B59485}.Debug|Any CPU.Build.0 = Debug|Any CPU
		{CABEB245-7C88-4A11-9DFE-161121B59485}.Release|Any CPU.ActiveCfg = Release|Any CPU
		{CABEB245-7C88-4A11-9DFE-161121B59485}.Release|Any CPU.Build.0 = Release|Any CPU
	EndGlobalSection
	GlobalSection(SolutionProperties) = preSolution
		HideSolutionNode = FALSE
	EndGlobalSection
	GlobalSection(ExtensibilityGlobals) = postSolution
		SolutionGuid = {08C59784-1035-4E16-97E5-20788723637A}
	EndGlobalSection
EndGlobal
