
Microsoft Visual Studio Solution File, Format Version 12.00
# Visual Studio 15
VisualStudioVersion = 15.0.28010.2041
MinimumVisualStudioVersion = 10.0.40219.1
Project("{F2A71F9B-5D33-465A-A702-920D77279786}") = "List", "List\List.fsproj", "{D909F337-C635-4152-BDC3-EB1BE839453A}"
EndProject
Global
	GlobalSection(SolutionConfigurationPlatforms) = preSolution
		Debug|Any CPU = Debug|Any CPU
		Release|Any CPU = Release|Any CPU
	EndGlobalSection
	GlobalSection(ProjectConfigurationPlatforms) = postSolution
		{D909F337-C635-4152-BDC3-EB1BE839453A}.Debug|Any CPU.ActiveCfg = Debug|Any CPU
		{D909F337-C635-4152-BDC3-EB1BE839453A}.Debug|Any CPU.Build.0 = Debug|Any CPU
		{D909F337-C635-4152-BDC3-EB1BE839453A}.Release|Any CPU.ActiveCfg = Release|Any CPU
		{D909F337-C635-4152-BDC3-EB1BE839453A}.Release|Any CPU.Build.0 = Release|Any CPU
	EndGlobalSection
	GlobalSection(SolutionProperties) = preSolution
		HideSolutionNode = FALSE
	EndGlobalSection
	GlobalSection(ExtensibilityGlobals) = postSolution
		SolutionGuid = {81D330BE-EC4B-4F4D-9986-F038A192F3BE}
	EndGlobalSection
EndGlobal
