
Microsoft Visual Studio Solution File, Format Version 12.00
# Visual Studio 15
VisualStudioVersion = 15.0.28010.2041
MinimumVisualStudioVersion = 10.0.40219.1
Project("{F2A71F9B-5D33-465A-A702-920D77279786}") = "Test3", "Test3\Test3.fsproj", "{3360B9FA-9AC8-4A85-AC37-FDECD266A3AE}"
EndProject
Project("{F2A71F9B-5D33-465A-A702-920D77279786}") = "TestsForTest3", "TestsForTest3\TestsForTest3.fsproj", "{543503E1-19DB-4319-9E55-8E6A2493E1A3}"
EndProject
Global
	GlobalSection(SolutionConfigurationPlatforms) = preSolution
		Debug|Any CPU = Debug|Any CPU
		Release|Any CPU = Release|Any CPU
	EndGlobalSection
	GlobalSection(ProjectConfigurationPlatforms) = postSolution
		{3360B9FA-9AC8-4A85-AC37-FDECD266A3AE}.Debug|Any CPU.ActiveCfg = Debug|Any CPU
		{3360B9FA-9AC8-4A85-AC37-FDECD266A3AE}.Debug|Any CPU.Build.0 = Debug|Any CPU
		{3360B9FA-9AC8-4A85-AC37-FDECD266A3AE}.Release|Any CPU.ActiveCfg = Release|Any CPU
		{3360B9FA-9AC8-4A85-AC37-FDECD266A3AE}.Release|Any CPU.Build.0 = Release|Any CPU
		{543503E1-19DB-4319-9E55-8E6A2493E1A3}.Debug|Any CPU.ActiveCfg = Debug|Any CPU
		{543503E1-19DB-4319-9E55-8E6A2493E1A3}.Debug|Any CPU.Build.0 = Debug|Any CPU
		{543503E1-19DB-4319-9E55-8E6A2493E1A3}.Release|Any CPU.ActiveCfg = Release|Any CPU
		{543503E1-19DB-4319-9E55-8E6A2493E1A3}.Release|Any CPU.Build.0 = Release|Any CPU
	EndGlobalSection
	GlobalSection(SolutionProperties) = preSolution
		HideSolutionNode = FALSE
	EndGlobalSection
	GlobalSection(ExtensibilityGlobals) = postSolution
		SolutionGuid = {C252C496-1E43-4423-B016-B0040085AE92}
	EndGlobalSection
EndGlobal
