
Microsoft Visual Studio Solution File, Format Version 12.00
# Visual Studio 15
VisualStudioVersion = 15.0.28010.2041
MinimumVisualStudioVersion = 10.0.40219.1
Project("{F2A71F9B-5D33-465A-A702-920D77279786}") = "ImplementationWorkflow2", "ImplementationWorkflow2\ImplementationWorkflow2.fsproj", "{721C48FC-A22B-4424-9690-919F84FDC14B}"
EndProject
Project("{F2A71F9B-5D33-465A-A702-920D77279786}") = "TestsForWorkflow", "TestsForWorkflow\TestsForWorkflow.fsproj", "{7FDF6A28-B0ED-43F0-99CD-3AF8AB5DFA24}"
EndProject
Global
	GlobalSection(SolutionConfigurationPlatforms) = preSolution
		Debug|Any CPU = Debug|Any CPU
		Release|Any CPU = Release|Any CPU
	EndGlobalSection
	GlobalSection(ProjectConfigurationPlatforms) = postSolution
		{721C48FC-A22B-4424-9690-919F84FDC14B}.Debug|Any CPU.ActiveCfg = Debug|Any CPU
		{721C48FC-A22B-4424-9690-919F84FDC14B}.Debug|Any CPU.Build.0 = Debug|Any CPU
		{721C48FC-A22B-4424-9690-919F84FDC14B}.Release|Any CPU.ActiveCfg = Release|Any CPU
		{721C48FC-A22B-4424-9690-919F84FDC14B}.Release|Any CPU.Build.0 = Release|Any CPU
		{7FDF6A28-B0ED-43F0-99CD-3AF8AB5DFA24}.Debug|Any CPU.ActiveCfg = Debug|Any CPU
		{7FDF6A28-B0ED-43F0-99CD-3AF8AB5DFA24}.Debug|Any CPU.Build.0 = Debug|Any CPU
		{7FDF6A28-B0ED-43F0-99CD-3AF8AB5DFA24}.Release|Any CPU.ActiveCfg = Release|Any CPU
		{7FDF6A28-B0ED-43F0-99CD-3AF8AB5DFA24}.Release|Any CPU.Build.0 = Release|Any CPU
	EndGlobalSection
	GlobalSection(SolutionProperties) = preSolution
		HideSolutionNode = FALSE
	EndGlobalSection
	GlobalSection(ExtensibilityGlobals) = postSolution
		SolutionGuid = {F447EC79-2677-49FA-AC62-1E9576DB2AF2}
	EndGlobalSection
EndGlobal
