
Microsoft Visual Studio Solution File, Format Version 12.00
# Visual Studio 15
VisualStudioVersion = 15.0.28010.2041
MinimumVisualStudioVersion = 10.0.40219.1
Project("{F2A71F9B-5D33-465A-A702-920D77279786}") = "ImplementationWorkflow1", "ImplementationWorkflow1\ImplementationWorkflow1.fsproj", "{7AA066F4-CE05-4F73-B243-0F411047F123}"
EndProject
Project("{F2A71F9B-5D33-465A-A702-920D77279786}") = "TestForWorkflow", "TestForWorkflow\TestForWorkflow.fsproj", "{D9BC8D67-E2E7-494D-9A6B-EDEB91ED27F6}"
EndProject
Global
	GlobalSection(SolutionConfigurationPlatforms) = preSolution
		Debug|Any CPU = Debug|Any CPU
		Release|Any CPU = Release|Any CPU
	EndGlobalSection
	GlobalSection(ProjectConfigurationPlatforms) = postSolution
		{7AA066F4-CE05-4F73-B243-0F411047F123}.Debug|Any CPU.ActiveCfg = Debug|Any CPU
		{7AA066F4-CE05-4F73-B243-0F411047F123}.Debug|Any CPU.Build.0 = Debug|Any CPU
		{7AA066F4-CE05-4F73-B243-0F411047F123}.Release|Any CPU.ActiveCfg = Release|Any CPU
		{7AA066F4-CE05-4F73-B243-0F411047F123}.Release|Any CPU.Build.0 = Release|Any CPU
		{D9BC8D67-E2E7-494D-9A6B-EDEB91ED27F6}.Debug|Any CPU.ActiveCfg = Debug|Any CPU
		{D9BC8D67-E2E7-494D-9A6B-EDEB91ED27F6}.Debug|Any CPU.Build.0 = Debug|Any CPU
		{D9BC8D67-E2E7-494D-9A6B-EDEB91ED27F6}.Release|Any CPU.ActiveCfg = Release|Any CPU
		{D9BC8D67-E2E7-494D-9A6B-EDEB91ED27F6}.Release|Any CPU.Build.0 = Release|Any CPU
	EndGlobalSection
	GlobalSection(SolutionProperties) = preSolution
		HideSolutionNode = FALSE
	EndGlobalSection
	GlobalSection(ExtensibilityGlobals) = postSolution
		SolutionGuid = {8C8C1E19-7313-4184-BC73-353482FD0F4D}
	EndGlobalSection
EndGlobal
